
Microsoft Visual Studio Solution File, Format Version 12.00
# Visual Studio Version 17
VisualStudioVersion = 17.11.35312.102
MinimumVisualStudioVersion = 10.0.40219.1
Project("{8BC9CEB8-8B4A-11D0-8D11-00A0C91BC942}") = "Hometask_18", "Hometask_18\Hometask_18.vcxproj", "{1445DD66-2952-4CCC-98C4-C152ACA67426}"
EndProject
Global
	GlobalSection(SolutionConfigurationPlatforms) = preSolution
		Debug|x64 = Debug|x64
		Debug|x86 = Debug|x86
		Release|x64 = Release|x64
		Release|x86 = Release|x86
	EndGlobalSection
	GlobalSection(ProjectConfigurationPlatforms) = postSolution
		{1445DD66-2952-4CCC-98C4-C152ACA67426}.Debug|x64.ActiveCfg = Debug|x64
		{1445DD66-2952-4CCC-98C4-C152ACA67426}.Debug|x64.Build.0 = Debug|x64
		{1445DD66-2952-4CCC-98C4-C152ACA67426}.Debug|x86.ActiveCfg = Debug|Win32
		{1445DD66-2952-4CCC-98C4-C152ACA67426}.Debug|x86.Build.0 = Debug|Win32
		{1445DD66-2952-4CCC-98C4-C152ACA67426}.Release|x64.ActiveCfg = Release|x64
		{1445DD66-2952-4CCC-98C4-C152ACA67426}.Release|x64.Build.0 = Release|x64
		{1445DD66-2952-4CCC-98C4-C152ACA67426}.Release|x86.ActiveCfg = Release|Win32
		{1445DD66-2952-4CCC-98C4-C152ACA67426}.Release|x86.Build.0 = Release|Win32
	EndGlobalSection
	GlobalSection(SolutionProperties) = preSolution
		HideSolutionNode = FALSE
	EndGlobalSection
	GlobalSection(ExtensibilityGlobals) = postSolution
		SolutionGuid = {456A02B4-CB31-475B-9D62-D01F0B78F7BB}
	EndGlobalSection
EndGlobal
